
Microsoft Visual Studio Solution File, Format Version 12.00
# Visual Studio Version 18
VisualStudioVersion = 18.2.11408.102 d18.0
MinimumVisualStudioVersion = 17.8.0.0
Project("{9A19103F-16F7-4668-BE54-9A1E7A4F7556}") = "AspireBrownfield.BendApp.ApiService", "AspireBrownfield.BendApp.ApiService\AspireBrownfield.BendApp.ApiService.csproj", "{90A461A3-A3B0-401E-9FCB-220BDE07A60D}"
EndProject
Project("{9A19103F-16F7-4668-BE54-9A1E7A4F7556}") = "AspireBrownfield.BendApp.Web", "AspireBrownfield.BendApp.Web\AspireBrownfield.BendApp.Web.csproj", "{40DA344E-A1D9-43ED-9C38-CC5D50F75C41}"
EndProject
Project("{FAE04EC0-301F-11D3-BF4B-00C04F79EFBC}") = "AspireBrownfield.BendApp.AppHost", "AspireBrownfield.BendApp.AppHost\AspireBrownfield.BendApp.AppHost.csproj", "{3BB97754-6C7A-4882-B90F-496022EA7064}"
EndProject
Project("{FAE04EC0-301F-11D3-BF4B-00C04F79EFBC}") = "AspireBrownfield.BendApp.ServiceDefaults", "AspireBrownfield.BendApp.ServiceDefaults\AspireBrownfield.BendApp.ServiceDefaults.csproj", "{2A5DE7A6-E251-C3CC-3E10-6AB571DBE709}"
EndProject
Global
	GlobalSection(SolutionConfigurationPlatforms) = preSolution
		Debug|Any CPU = Debug|Any CPU
		Release|Any CPU = Release|Any CPU
	EndGlobalSection
	GlobalSection(ProjectConfigurationPlatforms) = postSolution
		{90A461A3-A3B0-401E-9FCB-220BDE07A60D}.Debug|Any CPU.ActiveCfg = Debug|Any CPU
		{90A461A3-A3B0-401E-9FCB-220BDE07A60D}.Debug|Any CPU.Build.0 = Debug|Any CPU
		{90A461A3-A3B0-401E-9FCB-220BDE07A60D}.Release|Any CPU.ActiveCfg = Release|Any CPU
		{90A461A3-A3B0-401E-9FCB-220BDE07A60D}.Release|Any CPU.Build.0 = Release|Any CPU
		{40DA344E-A1D9-43ED-9C38-CC5D50F75C41}.Debug|Any CPU.ActiveCfg = Debug|Any CPU
		{40DA344E-A1D9-43ED-9C38-CC5D50F75C41}.Debug|Any CPU.Build.0 = Debug|Any CPU
		{40DA344E-A1D9-43ED-9C38-CC5D50F75C41}.Release|Any CPU.ActiveCfg = Release|Any CPU
		{40DA344E-A1D9-43ED-9C38-CC5D50F75C41}.Release|Any CPU.Build.0 = Release|Any CPU
		{3BB97754-6C7A-4882-B90F-496022EA7064}.Debug|Any CPU.ActiveCfg = Debug|Any CPU
		{3BB97754-6C7A-4882-B90F-496022EA7064}.Debug|Any CPU.Build.0 = Debug|Any CPU
		{3BB97754-6C7A-4882-B90F-496022EA7064}.Release|Any CPU.ActiveCfg = Release|Any CPU
		{3BB97754-6C7A-4882-B90F-496022EA7064}.Release|Any CPU.Build.0 = Release|Any CPU
		{2A5DE7A6-E251-C3CC-3E10-6AB571DBE709}.Debug|Any CPU.ActiveCfg = Debug|Any CPU
		{2A5DE7A6-E251-C3CC-3E10-6AB571DBE709}.Debug|Any CPU.Build.0 = Debug|Any CPU
		{2A5DE7A6-E251-C3CC-3E10-6AB571DBE709}.Release|Any CPU.ActiveCfg = Release|Any CPU
		{2A5DE7A6-E251-C3CC-3E10-6AB571DBE709}.Release|Any CPU.Build.0 = Release|Any CPU
	EndGlobalSection
	GlobalSection(SolutionProperties) = preSolution
		HideSolutionNode = FALSE
	EndGlobalSection
	GlobalSection(ExtensibilityGlobals) = postSolution
		SolutionGuid = {F5A89CF3-F532-4E5F-9AF9-B25BFDBCDCB0}
	EndGlobalSection
EndGlobal
